
Microsoft Visual Studio Solution File, Format Version 12.00
# Visual Studio 15
VisualStudioVersion = 15.0.28307.438
MinimumVisualStudioVersion = 10.0.40219.1
Project("{FAE04EC0-301F-11D3-BF4B-00C04F79EFBC}") = "PreciseMouse", "PreciseMouse\PreciseMouse.csproj", "{37C3152D-537C-4D30-83AC-81670539B9A1}"
EndProject
Global
	GlobalSection(SolutionConfigurationPlatforms) = preSolution
		Debug|Any CPU = Debug|Any CPU
		Release|Any CPU = Release|Any CPU
	EndGlobalSection
	GlobalSection(ProjectConfigurationPlatforms) = postSolution
		{37C3152D-537C-4D30-83AC-81670539B9A1}.Debug|Any CPU.ActiveCfg = Debug|Any CPU
		{37C3152D-537C-4D30-83AC-81670539B9A1}.Debug|Any CPU.Build.0 = Debug|Any CPU
		{37C3152D-537C-4D30-83AC-81670539B9A1}.Release|Any CPU.ActiveCfg = Release|Any CPU
		{37C3152D-537C-4D30-83AC-81670539B9A1}.Release|Any CPU.Build.0 = Release|Any CPU
	EndGlobalSection
	GlobalSection(SolutionProperties) = preSolution
		HideSolutionNode = FALSE
	EndGlobalSection
	GlobalSection(ExtensibilityGlobals) = postSolution
		SolutionGuid = {2588C418-358B-4C35-A52A-0F57141E8DD6}
	EndGlobalSection
EndGlobal
