
Microsoft Visual Studio Solution File, Format Version 12.00
# Visual Studio Version 16
VisualStudioVersion = 16.0.28803.202
MinimumVisualStudioVersion = 10.0.40219.1
Project("{FAE04EC0-301F-11D3-BF4B-00C04F79EFBC}") = "SPMouse", "SPMouse\SPMouse.csproj", "{37C3152D-537C-4D30-83AC-81670539B9A1}"
EndProject
Global
	GlobalSection(SolutionConfigurationPlatforms) = preSolution
		Debug|Any CPU = Debug|Any CPU
		Debug|x64 = Debug|x64
		Release|Any CPU = Release|Any CPU
		Release|x64 = Release|x64
	EndGlobalSection
	GlobalSection(ProjectConfigurationPlatforms) = postSolution
		{37C3152D-537C-4D30-83AC-81670539B9A1}.Debug|Any CPU.ActiveCfg = Debug|Any CPU
		{37C3152D-537C-4D30-83AC-81670539B9A1}.Debug|Any CPU.Build.0 = Debug|Any CPU
		{37C3152D-537C-4D30-83AC-81670539B9A1}.Debug|x64.ActiveCfg = Debug|x64
		{37C3152D-537C-4D30-83AC-81670539B9A1}.Debug|x64.Build.0 = Debug|x64
		{37C3152D-537C-4D30-83AC-81670539B9A1}.Release|Any CPU.ActiveCfg = Release|Any CPU
		{37C3152D-537C-4D30-83AC-81670539B9A1}.Release|Any CPU.Build.0 = Release|Any CPU
		{37C3152D-537C-4D30-83AC-81670539B9A1}.Release|x64.ActiveCfg = Release|x64
		{37C3152D-537C-4D30-83AC-81670539B9A1}.Release|x64.Build.0 = Release|x64
	EndGlobalSection
	GlobalSection(SolutionProperties) = preSolution
		HideSolutionNode = FALSE
	EndGlobalSection
	GlobalSection(ExtensibilityGlobals) = postSolution
		SolutionGuid = {2588C418-358B-4C35-A52A-0F57141E8DD6}
	EndGlobalSection
EndGlobal
